
Microsoft Visual Studio Solution File, Format Version 12.00
# Visual Studio Version 17
VisualStudioVersion = 17.2.32616.157
MinimumVisualStudioVersion = 10.0.40219.1
Project("{9A19103F-16F7-4668-BE54-9A1E7A4F7556}") = "Personal Website", "Personal Website\Personal Website.csproj", "{CDC1783F-B8AE-4BB5-B40A-BDB72C279C0B}"
EndProject
Project("{FAE04EC0-301F-11D3-BF4B-00C04F79EFBC}") = "Resources", "Resources\Resources.csproj", "{58F2EB44-1C37-4D1C-B5A1-0389474D782E}"
EndProject
Global
	GlobalSection(SolutionConfigurationPlatforms) = preSolution
		Debug|Any CPU = Debug|Any CPU
		Release|Any CPU = Release|Any CPU
	EndGlobalSection
	GlobalSection(ProjectConfigurationPlatforms) = postSolution
		{CDC1783F-B8AE-4BB5-B40A-BDB72C279C0B}.Debug|Any CPU.ActiveCfg = Debug|Any CPU
		{CDC1783F-B8AE-4BB5-B40A-BDB72C279C0B}.Debug|Any CPU.Build.0 = Debug|Any CPU
		{CDC1783F-B8AE-4BB5-B40A-BDB72C279C0B}.Release|Any CPU.ActiveCfg = Release|Any CPU
		{CDC1783F-B8AE-4BB5-B40A-BDB72C279C0B}.Release|Any CPU.Build.0 = Release|Any CPU
		{58F2EB44-1C37-4D1C-B5A1-0389474D782E}.Debug|Any CPU.ActiveCfg = Debug|Any CPU
		{58F2EB44-1C37-4D1C-B5A1-0389474D782E}.Debug|Any CPU.Build.0 = Debug|Any CPU
		{58F2EB44-1C37-4D1C-B5A1-0389474D782E}.Release|Any CPU.ActiveCfg = Release|Any CPU
		{58F2EB44-1C37-4D1C-B5A1-0389474D782E}.Release|Any CPU.Build.0 = Release|Any CPU
	EndGlobalSection
	GlobalSection(SolutionProperties) = preSolution
		HideSolutionNode = FALSE
	EndGlobalSection
	GlobalSection(ExtensibilityGlobals) = postSolution
		SolutionGuid = {44E534FF-B382-43C6-A3A1-2698FD49C0C4}
	EndGlobalSection
EndGlobal
